
Microsoft Visual Studio Solution File, Format Version 12.00
# Visual Studio Version 16
VisualStudioVersion = 16.0.28803.352
MinimumVisualStudioVersion = 10.0.40219.1
Project("{8BC9CEB8-8B4A-11D0-8D11-00A0C91BC942}") = "PAT Judge", "PAT Judge\PAT Judge.vcxproj", "{A96BC5FE-9EEB-47B0-B0A5-293E83B8F5B3}"
EndProject
Global
	GlobalSection(SolutionConfigurationPlatforms) = preSolution
		Debug|x64 = Debug|x64
		Debug|x86 = Debug|x86
		Release|x64 = Release|x64
		Release|x86 = Release|x86
	EndGlobalSection
	GlobalSection(ProjectConfigurationPlatforms) = postSolution
		{A96BC5FE-9EEB-47B0-B0A5-293E83B8F5B3}.Debug|x64.ActiveCfg = Debug|x64
		{A96BC5FE-9EEB-47B0-B0A5-293E83B8F5B3}.Debug|x64.Build.0 = Debug|x64
		{A96BC5FE-9EEB-47B0-B0A5-293E83B8F5B3}.Debug|x86.ActiveCfg = Debug|Win32
		{A96BC5FE-9EEB-47B0-B0A5-293E83B8F5B3}.Debug|x86.Build.0 = Debug|Win32
		{A96BC5FE-9EEB-47B0-B0A5-293E83B8F5B3}.Release|x64.ActiveCfg = Release|x64
		{A96BC5FE-9EEB-47B0-B0A5-293E83B8F5B3}.Release|x64.Build.0 = Release|x64
		{A96BC5FE-9EEB-47B0-B0A5-293E83B8F5B3}.Release|x86.ActiveCfg = Release|Win32
		{A96BC5FE-9EEB-47B0-B0A5-293E83B8F5B3}.Release|x86.Build.0 = Release|Win32
	EndGlobalSection
	GlobalSection(SolutionProperties) = preSolution
		HideSolutionNode = FALSE
	EndGlobalSection
	GlobalSection(ExtensibilityGlobals) = postSolution
		SolutionGuid = {761D4783-7323-4434-811E-6D1825027774}
	EndGlobalSection
EndGlobal
