
Microsoft Visual Studio Solution File, Format Version 12.00
# Visual Studio Version 16
VisualStudioVersion = 16.0.28803.352
MinimumVisualStudioVersion = 10.0.40219.1
Project("{8BC9CEB8-8B4A-11D0-8D11-00A0C91BC942}") = "Sort with Swap(0, i)", "Sort with Swap(0, i)\Sort with Swap(0, i).vcxproj", "{169FCF2C-9D89-4E06-9A6C-447B233FA98C}"
EndProject
Global
	GlobalSection(SolutionConfigurationPlatforms) = preSolution
		Debug|x64 = Debug|x64
		Debug|x86 = Debug|x86
		Release|x64 = Release|x64
		Release|x86 = Release|x86
	EndGlobalSection
	GlobalSection(ProjectConfigurationPlatforms) = postSolution
		{169FCF2C-9D89-4E06-9A6C-447B233FA98C}.Debug|x64.ActiveCfg = Debug|x64
		{169FCF2C-9D89-4E06-9A6C-447B233FA98C}.Debug|x64.Build.0 = Debug|x64
		{169FCF2C-9D89-4E06-9A6C-447B233FA98C}.Debug|x86.ActiveCfg = Debug|Win32
		{169FCF2C-9D89-4E06-9A6C-447B233FA98C}.Debug|x86.Build.0 = Debug|Win32
		{169FCF2C-9D89-4E06-9A6C-447B233FA98C}.Release|x64.ActiveCfg = Release|x64
		{169FCF2C-9D89-4E06-9A6C-447B233FA98C}.Release|x64.Build.0 = Release|x64
		{169FCF2C-9D89-4E06-9A6C-447B233FA98C}.Release|x86.ActiveCfg = Release|Win32
		{169FCF2C-9D89-4E06-9A6C-447B233FA98C}.Release|x86.Build.0 = Release|Win32
	EndGlobalSection
	GlobalSection(SolutionProperties) = preSolution
		HideSolutionNode = FALSE
	EndGlobalSection
	GlobalSection(ExtensibilityGlobals) = postSolution
		SolutionGuid = {D5875CB7-333E-4F96-9541-2C2D03591DEE}
	EndGlobalSection
EndGlobal
