
Microsoft Visual Studio Solution File, Format Version 12.00
# Visual Studio Version 16
VisualStudioVersion = 16.0.28729.10
MinimumVisualStudioVersion = 10.0.40219.1
Project("{8BC9CEB8-8B4A-11D0-8D11-00A0C91BC942}") = "File Transfer", "File Transfer\File Transfer.vcxproj", "{E75A8F8F-963C-4930-8BF4-C6FE63591603}"
EndProject
Global
	GlobalSection(SolutionConfigurationPlatforms) = preSolution
		Debug|x64 = Debug|x64
		Debug|x86 = Debug|x86
		Release|x64 = Release|x64
		Release|x86 = Release|x86
	EndGlobalSection
	GlobalSection(ProjectConfigurationPlatforms) = postSolution
		{E75A8F8F-963C-4930-8BF4-C6FE63591603}.Debug|x64.ActiveCfg = Debug|x64
		{E75A8F8F-963C-4930-8BF4-C6FE63591603}.Debug|x64.Build.0 = Debug|x64
		{E75A8F8F-963C-4930-8BF4-C6FE63591603}.Debug|x86.ActiveCfg = Debug|Win32
		{E75A8F8F-963C-4930-8BF4-C6FE63591603}.Debug|x86.Build.0 = Debug|Win32
		{E75A8F8F-963C-4930-8BF4-C6FE63591603}.Release|x64.ActiveCfg = Release|x64
		{E75A8F8F-963C-4930-8BF4-C6FE63591603}.Release|x64.Build.0 = Release|x64
		{E75A8F8F-963C-4930-8BF4-C6FE63591603}.Release|x86.ActiveCfg = Release|Win32
		{E75A8F8F-963C-4930-8BF4-C6FE63591603}.Release|x86.Build.0 = Release|Win32
	EndGlobalSection
	GlobalSection(SolutionProperties) = preSolution
		HideSolutionNode = FALSE
	EndGlobalSection
	GlobalSection(ExtensibilityGlobals) = postSolution
		SolutionGuid = {D84D818A-A93B-472C-9F6F-68E9CD662407}
	EndGlobalSection
EndGlobal
